PODS:
  - Alamofire (2.0.2)
  - Dollar (4.0.1)
  - MeshbluBeaconKit (2.5.0):
    - Dollar (~> 4.0.1)
    - MeshbluKit (~> 1.5.0)
  - MeshbluKit (1.5.1):
    - Alamofire (~> 2.0.2)
    - SwiftyJSON (~> 2.3.0)
  - SwiftyJSON (2.3.0)

DEPENDENCIES:
  - Alamofire (~> 2.0.2)
  - MeshbluBeaconKit (~> 2.5.0)
  - MeshbluKit (~> 1.5.1)

SPEC CHECKSUMS:
  Alamofire: 8edbab00802a752bb5240cc2abe70e7e881488ad
  Dollar: a058e2659e0d3261307c12630dbc2fd8e32f80bf
  MeshbluBeaconKit: bbb7519687db8ee3f08304e2a70d7d10e00c7ead
  MeshbluKit: e48895b894ff883a297ca394cfea11ab5f7db890
  SwiftyJSON: 8d6b61a70277ef2a5d710d372e06e7e2d87fb9e4

COCOAPODS: 0.38.2
